
Microsoft Visual Studio Solution File, Format Version 12.00
# Visual Studio Version 17
VisualStudioVersion = 17.5.33516.290
MinimumVisualStudioVersion = 10.0.40219.1
Project("{FAE04EC0-301F-11D3-BF4B-00C04F79EFBC}") = "Homework", "Homework\Homework.csproj", "{286F8D3C-5A4C-4B8F-9583-AD92A8B0E2A8}"
EndProject
Global
	GlobalSection(SolutionConfigurationPlatforms) = preSolution
		Debug|Any CPU = Debug|Any CPU
		Release|Any CPU = Release|Any CPU
	EndGlobalSection
	GlobalSection(ProjectConfigurationPlatforms) = postSolution
		{286F8D3C-5A4C-4B8F-9583-AD92A8B0E2A8}.Debug|Any CPU.ActiveCfg = Debug|Any CPU
		{286F8D3C-5A4C-4B8F-9583-AD92A8B0E2A8}.Debug|Any CPU.Build.0 = Debug|Any CPU
		{286F8D3C-5A4C-4B8F-9583-AD92A8B0E2A8}.Release|Any CPU.ActiveCfg = Release|Any CPU
		{286F8D3C-5A4C-4B8F-9583-AD92A8B0E2A8}.Release|Any CPU.Build.0 = Release|Any CPU
	EndGlobalSection
	GlobalSection(SolutionProperties) = preSolution
		HideSolutionNode = FALSE
	EndGlobalSection
	GlobalSection(ExtensibilityGlobals) = postSolution
		SolutionGuid = {304192B4-6867-47B6-813A-FD7DA1407813}
	EndGlobalSection
EndGlobal
